
Microsoft Visual Studio Solution File, Format Version 12.00
# Visual Studio Version 16
VisualStudioVersion = 16.0.30204.135
MinimumVisualStudioVersion = 10.0.40219.1
Project("{9A19103F-16F7-4668-BE54-9A1E7A4F7556}") = "Microservice", "Microservice\Microservice.csproj", "{23ADA601-7257-4775-9B31-9B1309F1DF8A}"
EndProject
Project("{9A19103F-16F7-4668-BE54-9A1E7A4F7556}") = "Shared", "Shared\Shared.csproj", "{345D0A12-0AC3-4A74-A79C-B2DE3067C1E4}"
EndProject
Global
	GlobalSection(SolutionConfigurationPlatforms) = preSolution
		Debug|Any CPU = Debug|Any CPU
		Release|Any CPU = Release|Any CPU
	EndGlobalSection
	GlobalSection(ProjectConfigurationPlatforms) = postSolution
		{23ADA601-7257-4775-9B31-9B1309F1DF8A}.Debug|Any CPU.ActiveCfg = Debug|Any CPU
		{23ADA601-7257-4775-9B31-9B1309F1DF8A}.Debug|Any CPU.Build.0 = Debug|Any CPU
		{23ADA601-7257-4775-9B31-9B1309F1DF8A}.Release|Any CPU.ActiveCfg = Release|Any CPU
		{23ADA601-7257-4775-9B31-9B1309F1DF8A}.Release|Any CPU.Build.0 = Release|Any CPU
		{345D0A12-0AC3-4A74-A79C-B2DE3067C1E4}.Debug|Any CPU.ActiveCfg = Debug|Any CPU
		{345D0A12-0AC3-4A74-A79C-B2DE3067C1E4}.Debug|Any CPU.Build.0 = Debug|Any CPU
		{345D0A12-0AC3-4A74-A79C-B2DE3067C1E4}.Release|Any CPU.ActiveCfg = Release|Any CPU
		{345D0A12-0AC3-4A74-A79C-B2DE3067C1E4}.Release|Any CPU.Build.0 = Release|Any CPU
	EndGlobalSection
	GlobalSection(SolutionProperties) = preSolution
		HideSolutionNode = FALSE
	EndGlobalSection
	GlobalSection(ExtensibilityGlobals) = postSolution
		SolutionGuid = {280EBF1C-4B11-4E9A-A935-F90AABADFC9F}
	EndGlobalSection
EndGlobal
